
Microsoft Visual Studio Solution File, Format Version 12.00
# Visual Studio Version 17
VisualStudioVersion = 17.3.32929.385
MinimumVisualStudioVersion = 10.0.40219.1
Project("{9A19103F-16F7-4668-BE54-9A1E7A4F7556}") = "Workaround", "Workaround\Workaround.csproj", "{084A4CD3-CF86-481D-9862-A437E688D1BF}"
EndProject
Project("{FAE04EC0-301F-11D3-BF4B-00C04F79EFBC}") = "Entities", "Entities\Entities.csproj", "{448ABCE9-59F8-4228-8E80-35E8B2BD69A8}"
EndProject
Project("{FAE04EC0-301F-11D3-BF4B-00C04F79EFBC}") = "Business", "Business\Business.csproj", "{0275353C-B53D-4FA6-8C05-D64F36736563}"
EndProject
Global
	GlobalSection(SolutionConfigurationPlatforms) = preSolution
		Debug|Any CPU = Debug|Any CPU
		Release|Any CPU = Release|Any CPU
	EndGlobalSection
	GlobalSection(ProjectConfigurationPlatforms) = postSolution
		{084A4CD3-CF86-481D-9862-A437E688D1BF}.Debug|Any CPU.ActiveCfg = Debug|Any CPU
		{084A4CD3-CF86-481D-9862-A437E688D1BF}.Debug|Any CPU.Build.0 = Debug|Any CPU
		{084A4CD3-CF86-481D-9862-A437E688D1BF}.Release|Any CPU.ActiveCfg = Release|Any CPU
		{084A4CD3-CF86-481D-9862-A437E688D1BF}.Release|Any CPU.Build.0 = Release|Any CPU
		{448ABCE9-59F8-4228-8E80-35E8B2BD69A8}.Debug|Any CPU.ActiveCfg = Debug|Any CPU
		{448ABCE9-59F8-4228-8E80-35E8B2BD69A8}.Debug|Any CPU.Build.0 = Debug|Any CPU
		{448ABCE9-59F8-4228-8E80-35E8B2BD69A8}.Release|Any CPU.ActiveCfg = Release|Any CPU
		{448ABCE9-59F8-4228-8E80-35E8B2BD69A8}.Release|Any CPU.Build.0 = Release|Any CPU
		{0275353C-B53D-4FA6-8C05-D64F36736563}.Debug|Any CPU.ActiveCfg = Debug|Any CPU
		{0275353C-B53D-4FA6-8C05-D64F36736563}.Debug|Any CPU.Build.0 = Debug|Any CPU
		{0275353C-B53D-4FA6-8C05-D64F36736563}.Release|Any CPU.ActiveCfg = Release|Any CPU
		{0275353C-B53D-4FA6-8C05-D64F36736563}.Release|Any CPU.Build.0 = Release|Any CPU
	EndGlobalSection
	GlobalSection(SolutionProperties) = preSolution
		HideSolutionNode = FALSE
	EndGlobalSection
	GlobalSection(ExtensibilityGlobals) = postSolution
		SolutionGuid = {F29591A6-9595-4766-993B-D998327FBFAD}
	EndGlobalSection
EndGlobal
